// !$*UTF8*$!
{
	archiveVersion = 1;
	classes = {
	};
	objectVersion = 46;
	objects = {

/* Begin PBXBuildFile section */
		EF1C23E91D0557D10044254F /* main.m in Sources */ = {isa = PBXBuildFile; fileRef = EF1C23E81D0557D10044254F /* main.m */; };
		EF1C23EC1D0557D10044254F /* AppDelegate.m in Sources */ = {isa = PBXBuildFile; fileRef = EF1C23EB1D0557D10044254F /* AppDelegate.m */; };
		EF1C23EF1D0557D10044254F /* ViewController.m in Sources */ = {isa = PBXBuildFile; fileRef = EF1C23EE1D0557D10044254F /* ViewController.m */; };
		EF1C23F21D0557D10044254F /* Main.storyboard in Resources */ = {isa = PBXBuildFile; fileRef = EF1C23F01D0557D10044254F /* Main.storyboard */; };
		EF1C23F41D0557D10044254F /* Assets.xcassets in Resources */ = {isa = PBXBuildFile; fileRef = EF1C23F31D0557D10044254F /* Assets.xcassets */; };
		EF1C23F71D0557D10044254F /* LaunchScreen.storyboard in Resources */ = {isa = PBXBuildFile; fileRef = EF1C23F51D0557D10044254F /* LaunchScreen.storyboard */; };
/* End PBXBuildFile section */

/* Begin PBXFileReference section */
		EF1C23E41D0557D10044254F /* IP地址测试.app */ = {isa = PBXFileReference; explicitFileType = wrapper.application; includeInIndex = 0; path = "IP地址测试.app"; sourceTree = BUILT_PRODUCTS_DIR; };
		EF1C23E81D0557D10044254F /* main.m */ = {isa = PBXFileReference; lastKnownFileType = sourcecode.c.objc; path = main.m; sourceTree = "<group>"; };
		EF1C23EA1D0557D10044254F /* AppDelegate.h */ = {isa = PBXFileReference; lastKnownFileType = sourcecode.c.h; path = AppDelegate.h; sourceTree = "<group>"; };
		EF1C23EB1D0557D10044254F /* AppDelegate.m */ = {isa = PBXFileReference; lastKnownFileType = sourcecode.c.objc; path = AppDelegate.m; sourceTree = "<group>"; };
		EF1C23ED1D0557D10044254F /* ViewController.h */ = {isa = PBXFileReference; lastKnownFileType = sourcecode.c.h; path = ViewController.h; sourceTree = "<group>"; };
		EF1C23EE1D0557D10044254F /* ViewController.m */ = {isa = PBXFileReference; lastKnownFileType = sourcecode.c.objc; path = ViewController.m; sourceTree = "<group>"; };
		EF1C23F11D0557D10044254F /* Base */ = {isa = PBXFileReference; lastKnownFileType = file.storyboard; name = Base; path = Base.lproj/Main.storyboard; sourceTree = "<group>"; };
		EF1C23F31D0557D10044254F /* Assets.xcassets */ = {isa = PBXFileReference; lastKnownFileType = folder.assetcatalog; path = Assets.xcassets; sourceTree = "<group>"; };
		EF1C23F61D0557D10044254F /* Base */ = {isa = PBXFileReference; lastKnownFileType = file.storyboard; name = Base; path = Base.lproj/LaunchScreen.storyboard; sourceTree = "<group>"; };
		EF1C23F81D0557D10044254F /* Info.plist */ = {isa = PBXFileReference; lastKnownFileType = text.plist.xml; path = Info.plist; sourceTree = "<group>"; };
/* End PBXFileReference section */

/* Begin PBXFrameworksBuildPhase section */
		EF1C23E11D0557D10044254F /* Frameworks */ = {
			isa = PBXFrameworksBuildPhase;
			buildActionMask = 2147483647;
			files = (
			);
			runOnlyForDeploymentPostprocessing = 0;
		};
/* End PBXFrameworksBuildPhase section */

/* Begin PBXGroup section */
		EF1C23DB1D0557D10044254F = {
			isa = PBXGroup;
			children = (
				EF1C23E61D0557D10044254F /* IP地址测试 */,
				EF1C23E51D0557D10044254F /* Products */,
			);
			sourceTree = "<group>";
		};
		EF1C23E51D0557D10044254F /* Products */ = {
			isa = PBXGroup;
			children = (
				EF1C23E41D0557D10044254F /* IP地址测试.app */,
			);
			name = Products;
			sourceTree = "<group>";
		};
		EF1C23E61D0557D10044254F /* IP地址测试 */ = {
			isa = PBXGroup;
			children = (
				EF1C23EA1D0557D10044254F /* AppDelegate.h */,
				EF1C23EB1D0557D10044254F /* AppDelegate.m */,
				EF1C23ED1D0557D10044254F /* ViewController.h */,
				EF1C23EE1D0557D10044254F /* ViewController.m */,
				EF1C23F01D0557D10044254F /* Main.storyboard */,
				EF1C23F31D0557D10044254F /* Assets.xcassets */,
				EF1C23F51D0557D10044254F /* LaunchScreen.storyboard */,
				EF1C23F81D0557D10044254F /* Info.plist */,
				EF1C23E71D0557D10044254F /* Supporting Files */,
			);
			path = "IP地址测试";
			sourceTree = "<group>";
		};
		EF1C23E71D0557D10044254F /* Supporting Files */ = {
			isa = PBXGroup;
			children = (
				EF1C23E81D0557D10044254F /* main.m */,
			);
			name = "Supporting Files";
			sourceTree = "<group>";
		};
/* End PBXGroup section */

/* Begin PBXNativeTarget section */
		EF1C23E31D0557D10044254F /* IP地址测试 */ = {
			isa = PBXNativeTarget;
			buildConfigurationList = EF1C23FB1D0557D10044254F /* Build configuration list for PBXNativeTarget "IP地址测试" */;
			buildPhases = (
				EF1C23E01D0557D10044254F /* Sources */,
				EF1C23E11D0557D10044254F /* Frameworks */,
				EF1C23E21D0557D10044254F /* Resources */,
			);
			buildRules = (
			);
			dependencies = (
			);
			name = "IP地址测试";
			productName = "IP地址测试";
			productReference = EF1C23E41D0557D10044254F /* IP地址测试.app */;
			productType = "com.apple.product-type.application";
		};
/* End PBXNativeTarget section */

/* Begin PBXProject section */
		EF1C23DC1D0557D10044254F /* Project object */ = {
			isa = PBXProject;
			attributes = {
				LastUpgradeCheck = 0720;
				ORGANIZATIONNAME = xf;
				TargetAttributes = {
					EF1C23E31D0557D10044254F = {
						CreatedOnToolsVersion = 7.2;
						DevelopmentTeam = LW6BBFZ9Q8;
					};
				};
			};
			buildConfigurationList = EF1C23DF1D0557D10044254F /* Build configuration list for PBXProject "IP地址测试" */;
			compatibilityVersion = "Xcode 3.2";
			developmentRegion = English;
			hasScannedForEncodings = 0;
			knownRegions = (
				en,
				Base,
			);
			mainGroup = EF1C23DB1D0557D10044254F;
			productRefGroup = EF1C23E51D0557D10044254F /* Products */;
			projectDirPath = "";
			projectRoot = "";
			targets = (
				EF1C23E31D0557D10044254F /* IP地址测试 */,
			);
		};
/* End PBXProject section */

/* Begin PBXResourcesBuildPhase section */
		EF1C23E21D0557D10044254F /* Resources */ = {
			isa = PBXResourcesBuildPhase;
			buildActionMask = 2147483647;
			files = (
				EF1C23F71D0557D10044254F /* LaunchScreen.storyboard in Resources */,
				EF1C23F41D0557D10044254F /* Assets.xcassets in Resources */,
				EF1C23F21D0557D10044254F /* Main.storyboard in Resources */,
			);
			runOnlyForDeploymentPostprocessing = 0;
		};
/* End PBXResourcesBuildPhase section */

/* Begin PBXSourcesBuildPhase section */
		EF1C23E01D0557D10044254F /* Sources */ = {
			isa = PBXSourcesBuildPhase;
			buildActionMask = 2147483647;
			files = (
				EF1C23EF1D0557D10044254F /* ViewController.m in Sources */,
				EF1C23EC1D0557D10044254F /* AppDelegate.m in Sources */,
				EF1C23E91D0557D10044254F /* main.m in Sources */,
			);
			runOnlyForDeploymentPostprocessing = 0;
		};
/* End PBXSourcesBuildPhase section */

/* Begin PBXVariantGroup section */
		EF1C23F01D0557D10044254F /* Main.storyboard */ = {
			isa = PBXVariantGroup;
			children = (
				EF1C23F11D0557D10044254F /* Base */,
			);
			name = Main.storyboard;
			sourceTree = "<group>";
		};
		EF1C23F51D0557D10044254F /* LaunchScreen.storyboard */ = {
			isa = PBXVariantGroup;
			children = (
				EF1C23F61D0557D10044254F /* Base */,
			);
			name = LaunchScreen.storyboard;
			sourceTree = "<group>";
		};
/* End PBXVariantGroup section */

/* Begin XCBuildConfiguration section */
		EF1C23F91D0557D10044254F /* Debug */ = {
			isa = XCBuildConfiguration;
			buildSettings = {
				ALWAYS_SEARCH_USER_PATHS = NO;
				CLANG_CXX_LANGUAGE_STANDARD = "gnu++0x";
				CLANG_CXX_LIBRARY = "libc++";
				CLANG_ENABLE_MODULES = YES;
				CLANG_ENABLE_OBJC_ARC = YES;
				CLANG_WARN_BOOL_CONVERSION = YES;
				CLANG_WARN_CONSTANT_CONVERSION = YES;
				CLANG_WARN_DIRECT_OBJC_ISA_USAGE = YES_ERROR;
				CLANG_WARN_EMPTY_BODY = YES;
				CLANG_WARN_ENUM_CONVERSION = YES;
				CLANG_WARN_INT_CONVERSION = YES;
				CLANG_WARN_OBJC_ROOT_CLASS = YES_ERROR;
				CLANG_WARN_UNREACHABLE_CODE = YES;
				CLANG_WARN__DUPLICATE_METHOD_MATCH = YES;
				"CODE_SIGN_IDENTITY[sdk=iphoneos*]" = "iPhone Developer";
				COPY_PHASE_STRIP = NO;
				DEBUG_INFORMATION_FORMAT = dwarf;
				ENABLE_STRICT_OBJC_MSGSEND = YES;
				ENABLE_TESTABILITY = YES;
				GCC_C_LANGUAGE_STANDARD = gnu99;
				GCC_DYNAMIC_NO_PIC = NO;
				GCC_NO_COMMON_BLOCKS = YES;
				GCC_OPTIMIZATION_LEVEL = 0;
				GCC_PREPROCESSOR_DEFINITIONS = (
					"DEBUG=1",
					"$(inherited)",
				);
				GCC_WARN_64_TO_32_BIT_CONVERSION = YES;
				GCC_WARN_ABOUT_RETURN_TYPE = YES_ERROR;
				GCC_WARN_UNDECLARED_SELECTOR = YES;
				GCC_WARN_UNINITIALIZED_AUTOS = YES_AGGRESSIVE;
				GCC_WARN_UNUSED_FUNCTION = YES;
				GCC_WARN_UNUSED_VARIABLE = YES;
				IPHONEOS_DEPLOYMENT_TARGET = 9.2;
				MTL_ENABLE_DEBUG_INFO = YES;
				ONLY_ACTIVE_ARCH = YES;
				SDKROOT = iphoneos;
			};
			name = Debug;
		};
		EF1C23FA1D0557D10044254F /* Release */ = {
			isa = XCBuildConfiguration;
			buildSettings = {
				ALWAYS_SEARCH_USER_PATHS = NO;
				CLANG_CXX_LANGUAGE_STANDARD = "gnu++0x";
				CLANG_CXX_LIBRARY = "libc++";
				CLANG_ENABLE_MODULES = YES;
				CLANG_ENABLE_OBJC_ARC = YES;
				CLANG_WARN_BOOL_CONVERSION = YES;
				CLANG_WARN_CONSTANT_CONVERSION = YES;
				CLANG_WARN_DIRECT_OBJC_ISA_USAGE = YES_ERROR;
				CLANG_WARN_EMPTY_BODY = YES;
				CLANG_WARN_ENUM_CONVERSION = YES;
				CLANG_WARN_INT_CONVERSION = YES;
				CLANG_WARN_OBJC_ROOT_CLASS = YES_ERROR;
				CLANG_WARN_UNREACHABLE_CODE = YES;
				CLANG_WARN__DUPLICATE_METHOD_MATCH = YES;
				"CODE_SIGN_IDENTITY[sdk=iphoneos*]" = "iPhone Developer";
				COPY_PHASE_STRIP = NO;
				DEBUG_INFORMATION_FORMAT = "dwarf-with-dsym";
				ENABLE_NS_ASSERTIONS = NO;
				ENABLE_STRICT_OBJC_MSGSEND = YES;
				GCC_C_LANGUAGE_STANDARD = gnu99;
				GCC_NO_COMMON_BLOCKS = YES;
				GCC_WARN_64_TO_32_BIT_CONVERSION = YES;
				GCC_WARN_ABOUT_RETURN_TYPE = YES_ERROR;
				GCC_WARN_UNDECLARED_SELECTOR = YES;
				GCC_WARN_UNINITIALIZED_AUTOS = YES_AGGRESSIVE;
				GCC_WARN_UNUSED_FUNCTION = YES;
				GCC_WARN_UNUSED_VARIABLE = YES;
				IPHONEOS_DEPLOYMENT_TARGET = 9.2;
				MTL_ENABLE_DEBUG_INFO = NO;
				SDKROOT = iphoneos;
				VALIDATE_PRODUCT = YES;
			};
			name = Release;
		};
		EF1C23FC1D0557D10044254F /* Debug */ = {
			isa = XCBuildConfiguration;
			buildSettings = {
				ASSETCATALOG_COMPILER_APPICON_NAME = AppIcon;
				CODE_SIGN_IDENTITY = "iPhone Developer";
				"CODE_SIGN_IDENTITY[sdk=iphoneos*]" = "iPhone Developer";
				INFOPLIST_FILE = "IP地址测试/Info.plist";
				LD_RUNPATH_SEARCH_PATHS = "$(inherited) @executable_path/Frameworks";
				PRODUCT_BUNDLE_IDENTIFIER = "cn.xf.IP----";
				PRODUCT_NAME = "$(TARGET_NAME)";
				PROVISIONING_PROFILE = "";
			};
			name = Debug;
		};
		EF1C23FD1D0557D10044254F /* Release */ = {
			isa = XCBuildConfiguration;
			buildSettings = {
				ASSETCATALOG_COMPILER_APPICON_NAME = AppIcon;
				CODE_SIGN_IDENTITY = "iPhone Developer";
				"CODE_SIGN_IDENTITY[sdk=iphoneos*]" = "iPhone Developer";
				INFOPLIST_FILE = "IP地址测试/Info.plist";
				LD_RUNPATH_SEARCH_PATHS = "$(inherited) @executable_path/Frameworks";
				PRODUCT_BUNDLE_IDENTIFIER = "cn.xf.IP----";
				PRODUCT_NAME = "$(TARGET_NAME)";
				PROVISIONING_PROFILE = "";
			};
			name = Release;
		};
/* End XCBuildConfiguration section */

/* Begin XCConfigurationList section */
		EF1C23DF1D0557D10044254F /* Build configuration list for PBXProject "IP地址测试" */ = {
			isa = XCConfigurationList;
			buildConfigurations = (
				EF1C23F91D0557D10044254F /* Debug */,
				EF1C23FA1D0557D10044254F /* Release */,
			);
			defaultConfigurationIsVisible = 0;
			defaultConfigurationName = Release;
		};
		EF1C23FB1D0557D10044254F /* Build configuration list for PBXNativeTarget "IP地址测试" */ = {
			isa = XCConfigurationList;
			buildConfigurations = (
				EF1C23FC1D0557D10044254F /* Debug */,
				EF1C23FD1D0557D10044254F /* Release */,
			);
			defaultConfigurationIsVisible = 0;
		};
/* End XCConfigurationList section */
	};
	rootObject = EF1C23DC1D0557D10044254F /* Project object */;
}
